// !$*UTF8*$!
{
	archiveVersion = 1;
	classes = {
	};
	objectVersion = 50;
	objects = {

/* Begin PBXBuildFile section */
		AAAEE1E52186E4A300B515F3 /* AppDelegate.m in Sources */ = {isa = PBXBuildFile; fileRef = AAAEE1E42186E4A300B515F3 /* AppDelegate.m */; };
		AAAEE1E82186E4A300B515F3 /* ViewController.m in Sources */ = {isa = PBXBuildFile; fileRef = AAAEE1E72186E4A300B515F3 /* ViewController.m */; };
		AAAEE1EB2186E4A300B515F3 /* Main.storyboard in Resources */ = {isa = PBXBuildFile; fileRef = AAAEE1E92186E4A300B515F3 /* Main.storyboard */; };
		AAAEE1ED2186E4A500B515F3 /* Assets.xcassets in Resources */ = {isa = PBXBuildFile; fileRef = AAAEE1EC2186E4A500B515F3 /* Assets.xcassets */; };
		AAAEE1F02186E4A500B515F3 /* LaunchScreen.storyboard in Resources */ = {isa = PBXBuildFile; fileRef = AAAEE1EE2186E4A500B515F3 /* LaunchScreen.storyboard */; };
		AAAEE1F32186E4A500B515F3 /* main.m in Sources */ = {isa = PBXBuildFile; fileRef = AAAEE1F22186E4A500B515F3 /* main.m */; };
		AAAEE1FC2186E53400B515F3 /* MLRippleProgress.m in Sources */ = {isa = PBXBuildFile; fileRef = AAAEE1FB2186E53400B515F3 /* MLRippleProgress.m */; };
/* End PBXBuildFile section */

/* Begin PBXFileReference section */
		AAAEE1E02186E4A300B515F3 /* MLRippleProgress-Demo.app */ = {isa = PBXFileReference; explicitFileType = wrapper.application; includeInIndex = 0; path = "MLRippleProgress-Demo.app"; sourceTree = BUILT_PRODUCTS_DIR; };
		AAAEE1E32186E4A300B515F3 /* AppDelegate.h */ = {isa = PBXFileReference; lastKnownFileType = sourcecode.c.h; path = AppDelegate.h; sourceTree = "<group>"; };
		AAAEE1E42186E4A300B515F3 /* AppDelegate.m */ = {isa = PBXFileReference; lastKnownFileType = sourcecode.c.objc; path = AppDelegate.m; sourceTree = "<group>"; };
		AAAEE1E62186E4A300B515F3 /* ViewController.h */ = {isa = PBXFileReference; lastKnownFileType = sourcecode.c.h; path = ViewController.h; sourceTree = "<group>"; };
		AAAEE1E72186E4A300B515F3 /* ViewController.m */ = {isa = PBXFileReference; lastKnownFileType = sourcecode.c.objc; path = ViewController.m; sourceTree = "<group>"; };
		AAAEE1EA2186E4A300B515F3 /* Base */ = {isa = PBXFileReference; lastKnownFileType = file.storyboard; name = Base; path = Base.lproj/Main.storyboard; sourceTree = "<group>"; };
		AAAEE1EC2186E4A500B515F3 /* Assets.xcassets */ = {isa = PBXFileReference; lastKnownFileType = folder.assetcatalog; path = Assets.xcassets; sourceTree = "<group>"; };
		AAAEE1EF2186E4A500B515F3 /* Base */ = {isa = PBXFileReference; lastKnownFileType = file.storyboard; name = Base; path = Base.lproj/LaunchScreen.storyboard; sourceTree = "<group>"; };
		AAAEE1F12186E4A500B515F3 /* Info.plist */ = {isa = PBXFileReference; lastKnownFileType = text.plist.xml; path = Info.plist; sourceTree = "<group>"; };
		AAAEE1F22186E4A500B515F3 /* main.m */ = {isa = PBXFileReference; lastKnownFileType = sourcecode.c.objc; path = main.m; sourceTree = "<group>"; };
		AAAEE1FA2186E53400B515F3 /* MLRippleProgress.h */ = {isa = PBXFileReference; lastKnownFileType = sourcecode.c.h; path = MLRippleProgress.h; sourceTree = "<group>"; };
		AAAEE1FB2186E53400B515F3 /* MLRippleProgress.m */ = {isa = PBXFileReference; lastKnownFileType = sourcecode.c.objc; path = MLRippleProgress.m; sourceTree = "<group>"; };
/* End PBXFileReference section */

/* Begin PBXFrameworksBuildPhase section */
		AAAEE1DD2186E4A300B515F3 /* Frameworks */ = {
			isa = PBXFrameworksBuildPhase;
			buildActionMask = 2147483647;
			files = (
			);
			runOnlyForDeploymentPostprocessing = 0;
		};
/* End PBXFrameworksBuildPhase section */

/* Begin PBXGroup section */
		AAAEE1D72186E4A300B515F3 = {
			isa = PBXGroup;
			children = (
				AAAEE1F92186E4C000B515F3 /* MLRippleProgress */,
				AAAEE1E22186E4A300B515F3 /* MLRippleProgress-Demo */,
				AAAEE1E12186E4A300B515F3 /* Products */,
			);
			sourceTree = "<group>";
		};
		AAAEE1E12186E4A300B515F3 /* Products */ = {
			isa = PBXGroup;
			children = (
				AAAEE1E02186E4A300B515F3 /* MLRippleProgress-Demo.app */,
			);
			name = Products;
			sourceTree = "<group>";
		};
		AAAEE1E22186E4A300B515F3 /* MLRippleProgress-Demo */ = {
			isa = PBXGroup;
			children = (
				AAAEE1E32186E4A300B515F3 /* AppDelegate.h */,
				AAAEE1E42186E4A300B515F3 /* AppDelegate.m */,
				AAAEE1E62186E4A300B515F3 /* ViewController.h */,
				AAAEE1E72186E4A300B515F3 /* ViewController.m */,
				AAAEE1E92186E4A300B515F3 /* Main.storyboard */,
				AAAEE1EC2186E4A500B515F3 /* Assets.xcassets */,
				AAAEE1EE2186E4A500B515F3 /* LaunchScreen.storyboard */,
				AAAEE1F12186E4A500B515F3 /* Info.plist */,
				AAAEE1F22186E4A500B515F3 /* main.m */,
			);
			path = "MLRippleProgress-Demo";
			sourceTree = "<group>";
		};
		AAAEE1F92186E4C000B515F3 /* MLRippleProgress */ = {
			isa = PBXGroup;
			children = (
				AAAEE1FA2186E53400B515F3 /* MLRippleProgress.h */,
				AAAEE1FB2186E53400B515F3 /* MLRippleProgress.m */,
			);
			name = MLRippleProgress;
			path = ../MLRippleProgress;
			sourceTree = "<group>";
		};
/* End PBXGroup section */

/* Begin PBXNativeTarget section */
		AAAEE1DF2186E4A300B515F3 /* MLRippleProgress-Demo */ = {
			isa = PBXNativeTarget;
			buildConfigurationList = AAAEE1F62186E4A500B515F3 /* Build configuration list for PBXNativeTarget "MLRippleProgress-Demo" */;
			buildPhases = (
				AAAEE1DC2186E4A300B515F3 /* Sources */,
				AAAEE1DD2186E4A300B515F3 /* Frameworks */,
				AAAEE1DE2186E4A300B515F3 /* Resources */,
			);
			buildRules = (
			);
			dependencies = (
			);
			name = "MLRippleProgress-Demo";
			productName = "MLRippleProgress-Demo";
			productReference = AAAEE1E02186E4A300B515F3 /* MLRippleProgress-Demo.app */;
			productType = "com.apple.product-type.application";
		};
/* End PBXNativeTarget section */

/* Begin PBXProject section */
		AAAEE1D82186E4A300B515F3 /* Project object */ = {
			isa = PBXProject;
			attributes = {
				LastUpgradeCheck = 0940;
				ORGANIZATIONNAME = "MTX Software Technology Co.,Ltd.";
				TargetAttributes = {
					AAAEE1DF2186E4A300B515F3 = {
						CreatedOnToolsVersion = 9.4.1;
					};
				};
			};
			buildConfigurationList = AAAEE1DB2186E4A300B515F3 /* Build configuration list for PBXProject "MLRippleProgress-Demo" */;
			compatibilityVersion = "Xcode 9.3";
			developmentRegion = en;
			hasScannedForEncodings = 0;
			knownRegions = (
				en,
				Base,
			);
			mainGroup = AAAEE1D72186E4A300B515F3;
			productRefGroup = AAAEE1E12186E4A300B515F3 /* Products */;
			projectDirPath = "";
			projectRoot = "";
			targets = (
				AAAEE1DF2186E4A300B515F3 /* MLRippleProgress-Demo */,
			);
		};
/* End PBXProject section */

/* Begin PBXResourcesBuildPhase section */
		AAAEE1DE2186E4A300B515F3 /* Resources */ = {
			isa = PBXResourcesBuildPhase;
			buildActionMask = 2147483647;
			files = (
				AAAEE1F02186E4A500B515F3 /* LaunchScreen.storyboard in Resources */,
				AAAEE1ED2186E4A500B515F3 /* Assets.xcassets in Resources */,
				AAAEE1EB2186E4A300B515F3 /* Main.storyboard in Resources */,
			);
			runOnlyForDeploymentPostprocessing = 0;
		};
/* End PBXResourcesBuildPhase section */

/* Begin PBXSourcesBuildPhase section */
		AAAEE1DC2186E4A300B515F3 /* Sources */ = {
			isa = PBXSourcesBuildPhase;
			buildActionMask = 2147483647;
			files = (
				AAAEE1E82186E4A300B515F3 /* ViewController.m in Sources */,
				AAAEE1F32186E4A500B515F3 /* main.m in Sources */,
				AAAEE1E52186E4A300B515F3 /* AppDelegate.m in Sources */,
				AAAEE1FC2186E53400B515F3 /* MLRippleProgress.m in Sources */,
			);
			runOnlyForDeploymentPostprocessing = 0;
		};
/* End PBXSourcesBuildPhase section */

/* Begin PBXVariantGroup section */
		AAAEE1E92186E4A300B515F3 /* Main.storyboard */ = {
			isa = PBXVariantGroup;
			children = (
				AAAEE1EA2186E4A300B515F3 /* Base */,
			);
			name = Main.storyboard;
			sourceTree = "<group>";
		};
		AAAEE1EE2186E4A500B515F3 /* LaunchScreen.storyboard */ = {
			isa = PBXVariantGroup;
			children = (
				AAAEE1EF2186E4A500B515F3 /* Base */,
			);
			name = LaunchScreen.storyboard;
			sourceTree = "<group>";
		};
/* End PBXVariantGroup section */

/* Begin XCBuildConfiguration section */
		AAAEE1F42186E4A500B515F3 /* Debug */ = {
			isa = XCBuildConfiguration;
			buildSettings = {
				ALWAYS_SEARCH_USER_PATHS = NO;
				CLANG_ANALYZER_NONNULL = YES;
				CLANG_ANALYZER_NUMBER_OBJECT_CONVERSION = YES_AGGRESSIVE;
				CLANG_CXX_LANGUAGE_STANDARD = "gnu++14";
				CLANG_CXX_LIBRARY = "libc++";
				CLANG_ENABLE_MODULES = YES;
				CLANG_ENABLE_OBJC_ARC = YES;
				CLANG_ENABLE_OBJC_WEAK = YES;
				CLANG_WARN_BLOCK_CAPTURE_AUTORELEASING = YES;
				CLANG_WARN_BOOL_CONVERSION = YES;
				CLANG_WARN_COMMA = YES;
				CLANG_WARN_CONSTANT_CONVERSION = YES;
				CLANG_WARN_DEPRECATED_OBJC_IMPLEMENTATIONS = YES;
				CLANG_WARN_DIRECT_OBJC_ISA_USAGE = YES_ERROR;
				CLANG_WARN_DOCUMENTATION_COMMENTS = YES;
				CLANG_WARN_EMPTY_BODY = YES;
				CLANG_WARN_ENUM_CONVERSION = YES;
				CLANG_WARN_INFINITE_RECURSION = YES;
				CLANG_WARN_INT_CONVERSION = YES;
				CLANG_WARN_NON_LITERAL_NULL_CONVERSION = YES;
				CLANG_WARN_OBJC_IMPLICIT_RETAIN_SELF = YES;
				CLANG_WARN_OBJC_LITERAL_CONVERSION = YES;
				CLANG_WARN_OBJC_ROOT_CLASS = YES_ERROR;
				CLANG_WARN_RANGE_LOOP_ANALYSIS = YES;
				CLANG_WARN_STRICT_PROTOTYPES = YES;
				CLANG_WARN_SUSPICIOUS_MOVE = YES;
				CLANG_WARN_UNGUARDED_AVAILABILITY = YES_AGGRESSIVE;
				CLANG_WARN_UNREACHABLE_CODE = YES;
				CLANG_WARN__DUPLICATE_METHOD_MATCH = YES;
				CODE_SIGN_IDENTITY = "iPhone Developer";
				COPY_PHASE_STRIP = NO;
				DEBUG_INFORMATION_FORMAT = dwarf;
				ENABLE_STRICT_OBJC_MSGSEND = YES;
				ENABLE_TESTABILITY = YES;
				GCC_C_LANGUAGE_STANDARD = gnu11;
				GCC_DYNAMIC_NO_PIC = NO;
				GCC_NO_COMMON_BLOCKS = YES;
				GCC_OPTIMIZATION_LEVEL = 0;
				GCC_PREPROCESSOR_DEFINITIONS = (
					"DEBUG=1",
					"$(inherited)",
				);
				GCC_WARN_64_TO_32_BIT_CONVERSION = YES;
				GCC_WARN_ABOUT_RETURN_TYPE = YES_ERROR;
				GCC_WARN_UNDECLARED_SELECTOR = YES;
				GCC_WARN_UNINITIALIZED_AUTOS = YES_AGGRESSIVE;
				GCC_WARN_UNUSED_FUNCTION = YES;
				GCC_WARN_UNUSED_VARIABLE = YES;
				IPHONEOS_DEPLOYMENT_TARGET = 11.4;
				MTL_ENABLE_DEBUG_INFO = YES;
				ONLY_ACTIVE_ARCH = YES;
				SDKROOT = iphoneos;
			};
			name = Debug;
		};
		AAAEE1F52186E4A500B515F3 /* Release */ = {
			isa = XCBuildConfiguration;
			buildSettings = {
				ALWAYS_SEARCH_USER_PATHS = NO;
				CLANG_ANALYZER_NONNULL = YES;
				CLANG_ANALYZER_NUMBER_OBJECT_CONVERSION = YES_AGGRESSIVE;
				CLANG_CXX_LANGUAGE_STANDARD = "gnu++14";
				CLANG_CXX_LIBRARY = "libc++";
				CLANG_ENABLE_MODULES = YES;
				CLANG_ENABLE_OBJC_ARC = YES;
				CLANG_ENABLE_OBJC_WEAK = YES;
				CLANG_WARN_BLOCK_CAPTURE_AUTORELEASING = YES;
				CLANG_WARN_BOOL_CONVERSION = YES;
				CLANG_WARN_COMMA = YES;
				CLANG_WARN_CONSTANT_CONVERSION = YES;
				CLANG_WARN_DEPRECATED_OBJC_IMPLEMENTATIONS = YES;
				CLANG_WARN_DIRECT_OBJC_ISA_USAGE = YES_ERROR;
				CLANG_WARN_DOCUMENTATION_COMMENTS = YES;
				CLANG_WARN_EMPTY_BODY = YES;
				CLANG_WARN_ENUM_CONVERSION = YES;
				CLANG_WARN_INFINITE_RECURSION = YES;
				CLANG_WARN_INT_CONVERSION = YES;
				CLANG_WARN_NON_LITERAL_NULL_CONVERSION = YES;
				CLANG_WARN_OBJC_IMPLICIT_RETAIN_SELF = YES;
				CLANG_WARN_OBJC_LITERAL_CONVERSION = YES;
				CLANG_WARN_OBJC_ROOT_CLASS = YES_ERROR;
				CLANG_WARN_RANGE_LOOP_ANALYSIS = YES;
				CLANG_WARN_STRICT_PROTOTYPES = YES;
				CLANG_WARN_SUSPICIOUS_MOVE = YES;
				CLANG_WARN_UNGUARDED_AVAILABILITY = YES_AGGRESSIVE;
				CLANG_WARN_UNREACHABLE_CODE = YES;
				CLANG_WARN__DUPLICATE_METHOD_MATCH = YES;
				CODE_SIGN_IDENTITY = "iPhone Developer";
				COPY_PHASE_STRIP = NO;
				DEBUG_INFORMATION_FORMAT = "dwarf-with-dsym";
				ENABLE_NS_ASSERTIONS = NO;
				ENABLE_STRICT_OBJC_MSGSEND = YES;
				GCC_C_LANGUAGE_STANDARD = gnu11;
				GCC_NO_COMMON_BLOCKS = YES;
				GCC_WARN_64_TO_32_BIT_CONVERSION = YES;
				GCC_WARN_ABOUT_RETURN_TYPE = YES_ERROR;
				GCC_WARN_UNDECLARED_SELECTOR = YES;
				GCC_WARN_UNINITIALIZED_AUTOS = YES_AGGRESSIVE;
				GCC_WARN_UNUSED_FUNCTION = YES;
				GCC_WARN_UNUSED_VARIABLE = YES;
				IPHONEOS_DEPLOYMENT_TARGET = 11.4;
				MTL_ENABLE_DEBUG_INFO = NO;
				SDKROOT = iphoneos;
				VALIDATE_PRODUCT = YES;
			};
			name = Release;
		};
		AAAEE1F72186E4A500B515F3 /* Debug */ = {
			isa = XCBuildConfiguration;
			buildSettings = {
				ASSETCATALOG_COMPILER_APPICON_NAME = AppIcon;
				CODE_SIGN_STYLE = Automatic;
				DEVELOPMENT_TEAM = 5U5763E89G;
				INFOPLIST_FILE = "MLRippleProgress-Demo/Info.plist";
				LD_RUNPATH_SEARCH_PATHS = (
					"$(inherited)",
					"@executable_path/Frameworks",
				);
				PRODUCT_BUNDLE_IDENTIFIER = "com.mountain.xiang.MLRippleProgress-Demo";
				PRODUCT_NAME = "$(TARGET_NAME)";
				TARGETED_DEVICE_FAMILY = "1,2";
			};
			name = Debug;
		};
		AAAEE1F82186E4A500B515F3 /* Release */ = {
			isa = XCBuildConfiguration;
			buildSettings = {
				ASSETCATALOG_COMPILER_APPICON_NAME = AppIcon;
				CODE_SIGN_STYLE = Automatic;
				DEVELOPMENT_TEAM = 5U5763E89G;
				INFOPLIST_FILE = "MLRippleProgress-Demo/Info.plist";
				LD_RUNPATH_SEARCH_PATHS = (
					"$(inherited)",
					"@executable_path/Frameworks",
				);
				PRODUCT_BUNDLE_IDENTIFIER = "com.mountain.xiang.MLRippleProgress-Demo";
				PRODUCT_NAME = "$(TARGET_NAME)";
				TARGETED_DEVICE_FAMILY = "1,2";
			};
			name = Release;
		};
/* End XCBuildConfiguration section */

/* Begin XCConfigurationList section */
		AAAEE1DB2186E4A300B515F3 /* Build configuration list for PBXProject "MLRippleProgress-Demo" */ = {
			isa = XCConfigurationList;
			buildConfigurations = (
				AAAEE1F42186E4A500B515F3 /* Debug */,
				AAAEE1F52186E4A500B515F3 /* Release */,
			);
			defaultConfigurationIsVisible = 0;
			defaultConfigurationName = Release;
		};
		AAAEE1F62186E4A500B515F3 /* Build configuration list for PBXNativeTarget "MLRippleProgress-Demo" */ = {
			isa = XCConfigurationList;
			buildConfigurations = (
				AAAEE1F72186E4A500B515F3 /* Debug */,
				AAAEE1F82186E4A500B515F3 /* Release */,
			);
			defaultConfigurationIsVisible = 0;
			defaultConfigurationName = Release;
		};
/* End XCConfigurationList section */
	};
	rootObject = AAAEE1D82186E4A300B515F3 /* Project object */;
}
